# Generated by pub
# See https://dart.dev/tools/pub/glossary#lockfile
packages:
  _flutterfire_internals:
    dependency: transitive
    description:
      name: _flutterfire_internals
      sha256: "5534e701a2c505fed1f0799e652dd6ae23bd4d2c4cf797220e5ced5764a7c1c2"
      url: "https://pub.dev"
    source: hosted
    version: "1.3.44"
  adjust_sdk:
    dependency: "direct main"
    description:
      name: adjust_sdk
      sha256: dfb9c357578ed026cf8fb30534a09dc29b91f3fb8b31af425dacdfac7e8fd6c9
      url: "https://pub.dev"
    source: hosted
    version: "5.0.3"
  app_tracking_transparency:
    dependency: "direct main"
    description:
      name: app_tracking_transparency
      sha256: "64d9745931e565790abdea91b518ac8dc3cebe6d0d0aaf7119343271b983259a"
      url: "https://pub.dev"
    source: hosted
    version: "2.0.6"
  archive:
    dependency: transitive
    description:
      name: archive
      sha256: cb6a278ef2dbb298455e1a713bda08524a175630ec643a242c399c932a0a1f7d
      url: "https://pub.dev"
    source: hosted
    version: "3.6.1"
  args:
    dependency: transitive
    description:
      name: args
      sha256: bf9f5caeea8d8fe6721a9c358dd8a5c1947b27f1cfaa18b39c301273594919e6
      url: "https://pub.dev"
    source: hosted
    version: "2.6.0"
  async:
    dependency: transitive
    description:
      name: async
      sha256: "947bfcf187f74dbc5e146c9eb9c0f10c9f8b30743e341481c1e2ed3ecc18c20c"
      url: "https://pub.dev"
    source: hosted
    version: "2.11.0"
  auto_size_text:
    dependency: "direct main"
    description:
      name: auto_size_text
      sha256: "3f5261cd3fb5f2a9ab4e2fc3fba84fd9fcaac8821f20a1d4e71f557521b22599"
      url: "https://pub.dev"
    source: hosted
    version: "3.0.0"
  boolean_selector:
    dependency: transitive
    description:
      name: boolean_selector
      sha256: "6cfb5af12253eaf2b368f07bacc5a80d1301a071c73360d746b7f2e32d762c66"
      url: "https://pub.dev"
    source: hosted
    version: "2.1.1"
  cached_network_image:
    dependency: "direct main"
    description:
      name: cached_network_image
      sha256: "7c1183e361e5c8b0a0f21a28401eecdbde252441106a9816400dd4c2b2424916"
      url: "https://pub.dev"
    source: hosted
    version: "3.4.1"
  cloud_firestore:
    dependency: "direct main"
    description:
      name: cloud_firestore
      sha256: bdc7607e9169ee3ce736bbbe6a81c2a6cb15c41379346b74f77f8e641211a17f
      url: "https://pub.dev"
    source: hosted
    version: "5.4.4"
  firebase_auth:
    dependency: "direct main"
    description:
      name: firebase_auth
      sha256: d453acec0d958ba0e25d41a9901b32cb77d1535766903dea7a61b2788c304596
      url: "https://pub.dev"
    source: hosted
    version: "5.3.1"
  firebase_core:
    dependency: "direct main"
    description:
      name: firebase_core
      sha256: "51dfe2fbf3a984787a2e7b8592f2f05c986bfedd6fdacea3f9e0a7beb334de96"
      url: "https://pub.dev"
    source: hosted
    version: "3.6.0"
  google_fonts:
    dependency: "direct main"
    description:
      name: google_fonts
      sha256: f0b8d115a13ecf827013ec9fc883390ccc0e87a96ed5347a3114cac177ef18e8
      url: "https://pub.dev"
    source: hosted
    version: "6.1.0"
  path_provider:
    dependency: transitive
    description:
      name: path_provider
      sha256: "50c5dd5b6e1aaf6fb3a78b33f6aa3afca52bf903a8a5298f53101fdaee55bbcd"
      url: "https://pub.dev"
    source: hosted
    version: "2.1.5"
  purchases_flutter:
    dependency: "direct main"
    description:
      name: purchases_flutter
      sha256: "25720ee321b4508bed89e62753e78715dbcfa5d3101945f57b2d6e77fda87f48"
      url: "https://pub.dev"
    source: hosted
    version: "8.1.2"
  shared_preferences:
    dependency: "direct main"
    description:
      name: shared_preferences
      sha256: "746e5369a43170c25816cc472ee016d3a66bc13fcf430c0bc41ad7b4b2922051"
      url: "https://pub.dev"
    source: hosted
    version: "2.3.2"
  sqflite:
    dependency: transitive
    description:
      name: sqflite
      sha256: "2d7299468485dca85efeeadf5d38986909c5eb0cd71fd3db2c2f000e6c9454bb"
      url: "https://pub.dev"
    source: hosted
    version: "2.4.1"
  url_launcher:
    dependency: "direct main"
    description:
      name: url_launcher
      sha256: "21b704ce5fa560ea9f3b525b43601c678728ba46725bab9b01187b4831377ed3"
      url: "https://pub.dev"
    source: hosted
    version: "6.3.0"
sdks:
  dart: ">=3.5.0 <4.0.0"
  flutter: ">=3.24.0"
